
Microsoft Visual Studio Solution File, Format Version 12.00
# Visual Studio Version 16
VisualStudioVersion = 16.0.30225.117
MinimumVisualStudioVersion = 10.0.40219.1
Project("{FAE04EC0-301F-11D3-BF4B-00C04F79EFBC}") = "kousay101.lib", "kousay101.lib\kousay101.lib.csproj", "{EBED90E9-BC12-44A8-9DAA-11B7590E4E19}"
EndProject
Project("{FAE04EC0-301F-11D3-BF4B-00C04F79EFBC}") = "kousay101.tests", "kousay101.tests\kousay101.tests.csproj", "{E82214AC-D639-4B0F-B310-4F56F4209536}"
EndProject
Global
	GlobalSection(SolutionConfigurationPlatforms) = preSolution
		Debug|Any CPU = Debug|Any CPU
		Release|Any CPU = Release|Any CPU
	EndGlobalSection
	GlobalSection(ProjectConfigurationPlatforms) = postSolution
		{EBED90E9-BC12-44A8-9DAA-11B7590E4E19}.Debug|Any CPU.ActiveCfg = Debug|Any CPU
		{EBED90E9-BC12-44A8-9DAA-11B7590E4E19}.Debug|Any CPU.Build.0 = Debug|Any CPU
		{EBED90E9-BC12-44A8-9DAA-11B7590E4E19}.Release|Any CPU.ActiveCfg = Release|Any CPU
		{EBED90E9-BC12-44A8-9DAA-11B7590E4E19}.Release|Any CPU.Build.0 = Release|Any CPU
		{E82214AC-D639-4B0F-B310-4F56F4209536}.Debug|Any CPU.ActiveCfg = Debug|Any CPU
		{E82214AC-D639-4B0F-B310-4F56F4209536}.Debug|Any CPU.Build.0 = Debug|Any CPU
		{E82214AC-D639-4B0F-B310-4F56F4209536}.Release|Any CPU.ActiveCfg = Release|Any CPU
		{E82214AC-D639-4B0F-B310-4F56F4209536}.Release|Any CPU.Build.0 = Release|Any CPU
	EndGlobalSection
	GlobalSection(SolutionProperties) = preSolution
		HideSolutionNode = FALSE
	EndGlobalSection
	GlobalSection(ExtensibilityGlobals) = postSolution
		SolutionGuid = {65998C54-379C-488F-95F1-2D486057B563}
	EndGlobalSection
EndGlobal
